
Microsoft Visual Studio Solution File, Format Version 12.00
# Visual Studio Version 17
VisualStudioVersion = 17.13.35828.75 d17.13
MinimumVisualStudioVersion = 10.0.40219.1
Project("{FAE04EC0-301F-11D3-BF4B-00C04F79EFBC}") = "AutomationFramework", "AutomationFramework.csproj", "{68145D00-A49C-29FA-48B5-0A6AC4866456}"
EndProject
Global
	GlobalSection(SolutionConfigurationPlatforms) = preSolution
		Debug|Any CPU = Debug|Any CPU
		Release|Any CPU = Release|Any CPU
	EndGlobalSection
	GlobalSection(ProjectConfigurationPlatforms) = postSolution
		{68145D00-A49C-29FA-48B5-0A6AC4866456}.Debug|Any CPU.ActiveCfg = Debug|Any CPU
		{68145D00-A49C-29FA-48B5-0A6AC4866456}.Debug|Any CPU.Build.0 = Debug|Any CPU
		{68145D00-A49C-29FA-48B5-0A6AC4866456}.Release|Any CPU.ActiveCfg = Release|Any CPU
		{68145D00-A49C-29FA-48B5-0A6AC4866456}.Release|Any CPU.Build.0 = Release|Any CPU
	EndGlobalSection
	GlobalSection(SolutionProperties) = preSolution
		HideSolutionNode = FALSE
	EndGlobalSection
	GlobalSection(ExtensibilityGlobals) = postSolution
		SolutionGuid = {D767C5D3-7F23-463E-B739-8F292E40A2E7}
	EndGlobalSection
EndGlobal
